
Microsoft Visual Studio Solution File, Format Version 12.00
# Visual Studio Version 16
VisualStudioVersion = 16.0.34301.259
MinimumVisualStudioVersion = 10.0.40219.1
Project("{FAE04EC0-301F-11D3-BF4B-00C04F79EFBC}") = "TestApp", "TestApp\TestApp.csproj", "{B76E762C-98D6-4512-B20B-341E05125486}"
EndProject
Global
	GlobalSection(SolutionConfigurationPlatforms) = preSolution
		Debug|Any CPU = Debug|Any CPU
		Release|Any CPU = Release|Any CPU
	EndGlobalSection
	GlobalSection(ProjectConfigurationPlatforms) = postSolution
		{B76E762C-98D6-4512-B20B-341E05125486}.Debug|Any CPU.ActiveCfg = Debug|Any CPU
		{B76E762C-98D6-4512-B20B-341E05125486}.Debug|Any CPU.Build.0 = Debug|Any CPU
		{B76E762C-98D6-4512-B20B-341E05125486}.Release|Any CPU.ActiveCfg = Release|Any CPU
		{B76E762C-98D6-4512-B20B-341E05125486}.Release|Any CPU.Build.0 = Release|Any CPU
	EndGlobalSection
	GlobalSection(SolutionProperties) = preSolution
		HideSolutionNode = FALSE
	EndGlobalSection
	GlobalSection(ExtensibilityGlobals) = postSolution
		SolutionGuid = {D3CFDAE3-C2C5-4B77-A7EA-E1B7644E8D7E}
	EndGlobalSection
EndGlobal
